
Microsoft Visual Studio Solution File, Format Version 12.00
# Visual Studio Version 16
VisualStudioVersion = 16.0.32930.78
MinimumVisualStudioVersion = 10.0.40219.1
Project("{FAE04EC0-301F-11D3-BF4B-00C04F79EFBC}") = "learning-csharp", "learning-csharp\learning-csharp.csproj", "{83E56E9C-28CD-4123-85BF-353A26505B61}"
EndProject
Global
	GlobalSection(SolutionConfigurationPlatforms) = preSolution
		Debug|Any CPU = Debug|Any CPU
		Release|Any CPU = Release|Any CPU
	EndGlobalSection
	GlobalSection(ProjectConfigurationPlatforms) = postSolution
		{83E56E9C-28CD-4123-85BF-353A26505B61}.Debug|Any CPU.ActiveCfg = Debug|Any CPU
		{83E56E9C-28CD-4123-85BF-353A26505B61}.Debug|Any CPU.Build.0 = Debug|Any CPU
		{83E56E9C-28CD-4123-85BF-353A26505B61}.Release|Any CPU.ActiveCfg = Release|Any CPU
		{83E56E9C-28CD-4123-85BF-353A26505B61}.Release|Any CPU.Build.0 = Release|Any CPU
	EndGlobalSection
	GlobalSection(SolutionProperties) = preSolution
		HideSolutionNode = FALSE
	EndGlobalSection
	GlobalSection(ExtensibilityGlobals) = postSolution
		SolutionGuid = {6248203C-66BD-4934-93C5-103DD869F897}
	EndGlobalSection
EndGlobal
